
Microsoft Visual Studio Solution File, Format Version 12.00
# Visual Studio Version 17
VisualStudioVersion = 17.9.34728.123
MinimumVisualStudioVersion = 10.0.40219.1
Project("{F184B08F-C81C-45F6-A57F-5ABD9991F28F}") = "prj_lbruxa", "prj_lbruxa.vbproj", "{3C9A9C1A-DF57-40D6-B132-86CAF4E7E8A8}"
EndProject
Global
	GlobalSection(SolutionConfigurationPlatforms) = preSolution
		Debug|Any CPU = Debug|Any CPU
		Release|Any CPU = Release|Any CPU
	EndGlobalSection
	GlobalSection(ProjectConfigurationPlatforms) = postSolution
		{3C9A9C1A-DF57-40D6-B132-86CAF4E7E8A8}.Debug|Any CPU.ActiveCfg = Debug|Any CPU
		{3C9A9C1A-DF57-40D6-B132-86CAF4E7E8A8}.Debug|Any CPU.Build.0 = Debug|Any CPU
		{3C9A9C1A-DF57-40D6-B132-86CAF4E7E8A8}.Release|Any CPU.ActiveCfg = Release|Any CPU
		{3C9A9C1A-DF57-40D6-B132-86CAF4E7E8A8}.Release|Any CPU.Build.0 = Release|Any CPU
	EndGlobalSection
	GlobalSection(SolutionProperties) = preSolution
		HideSolutionNode = FALSE
	EndGlobalSection
	GlobalSection(ExtensibilityGlobals) = postSolution
		SolutionGuid = {F6996DCC-352E-4C78-B590-16866B12EEEA}
	EndGlobalSection
EndGlobal
